
Microsoft Visual Studio Solution File, Format Version 12.00
# Visual Studio Version 16
VisualStudioVersion = 16.0.29318.209
MinimumVisualStudioVersion = 10.0.40219.1
Project("{FAE04EC0-301F-11D3-BF4B-00C04F79EFBC}") = "SweepStakes", "SweepStakes\SweepStakes.csproj", "{8A4EA9C8-A6F8-44D3-AC8E-F35909BB5979}"
EndProject
Global
	GlobalSection(SolutionConfigurationPlatforms) = preSolution
		Debug|Any CPU = Debug|Any CPU
		Release|Any CPU = Release|Any CPU
	EndGlobalSection
	GlobalSection(ProjectConfigurationPlatforms) = postSolution
		{8A4EA9C8-A6F8-44D3-AC8E-F35909BB5979}.Debug|Any CPU.ActiveCfg = Debug|Any CPU
		{8A4EA9C8-A6F8-44D3-AC8E-F35909BB5979}.Debug|Any CPU.Build.0 = Debug|Any CPU
		{8A4EA9C8-A6F8-44D3-AC8E-F35909BB5979}.Release|Any CPU.ActiveCfg = Release|Any CPU
		{8A4EA9C8-A6F8-44D3-AC8E-F35909BB5979}.Release|Any CPU.Build.0 = Release|Any CPU
	EndGlobalSection
	GlobalSection(SolutionProperties) = preSolution
		HideSolutionNode = FALSE
	EndGlobalSection
	GlobalSection(ExtensibilityGlobals) = postSolution
		SolutionGuid = {E1208D65-04DB-4D8C-9A7C-6631F2A4FD99}
	EndGlobalSection
EndGlobal
